
Microsoft Visual Studio Solution File, Format Version 12.00
# Visual Studio Version 17
VisualStudioVersion = 17.3.32901.215
MinimumVisualStudioVersion = 10.0.40219.1
Project("{9A19103F-16F7-4668-BE54-9A1E7A4F7556}") = "Iban", "Iban\Iban.csproj", "{D108D470-6DE3-429F-9F19-48F4F2F14F49}"
EndProject
Project("{9A19103F-16F7-4668-BE54-9A1E7A4F7556}") = "Iban.Tests", "Iban.Tests\Iban.Tests.csproj", "{80F52C63-2C59-4CF5-A511-B7B0B3A2C110}"
EndProject
Project("{9A19103F-16F7-4668-BE54-9A1E7A4F7556}") = "BankCodeProviders.InMemory", "BankCodeProviders.InMemory\BankCodeProviders.InMemory.csproj", "{5038CA26-AFD3-48E6-A6F3-61EE8EE0E661}"
EndProject
Project("{9A19103F-16F7-4668-BE54-9A1E7A4F7556}") = "BankCodeProviders.Database", "BankCodeProviders.Database\BankCodeProviders.Database.csproj", "{9E518099-8D68-4552-BEF5-232EABFF532C}"
EndProject
Project("{9A19103F-16F7-4668-BE54-9A1E7A4F7556}") = "Iban.API", "Iban.API\Iban.API.csproj", "{229652D0-FAFD-4FEF-9E8A-C0164AF30C59}"
EndProject
Project("{2150E333-8FDC-42A3-9474-1A3956D46DE8}") = "BankCodeProviders", "BankCodeProviders", "{90A7D7C7-0A78-432D-A155-F48BC1BB293C}"
EndProject
Project("{FAE04EC0-301F-11D3-BF4B-00C04F79EFBC}") = "BankCodeProviders.Database.IntegrationTests", "BankCodeProviders.Database.IntegrationTests\BankCodeProviders.Database.IntegrationTests.csproj", "{4A1BC794-4A06-4557-96E6-21A98A555705}"
EndProject
Project("{FAE04EC0-301F-11D3-BF4B-00C04F79EFBC}") = "BankCodeProviders.Database.Migrations", "BankCodeProviders.Database.Migrations\BankCodeProviders.Database.Migrations.csproj", "{0A4D32DC-063F-4655-8F0B-65842597DCF2}"
EndProject
Project("{FAE04EC0-301F-11D3-BF4B-00C04F79EFBC}") = "BankCodeProviders.Database.Tests", "BankCodeProviders.Database.Tests\BankCodeProviders.Database.Tests.csproj", "{90ACEB76-4B4A-47B0-A3D8-EE3D30E0D059}"
EndProject
Project("{9A19103F-16F7-4668-BE54-9A1E7A4F7556}") = "Iban.API.IntegrationTests", "Iban.API.IntegrationTests\Iban.API.IntegrationTests.csproj", "{CDA8480A-4D45-4C51-8C21-D5FB3F641DF8}"
EndProject
Project("{FAE04EC0-301F-11D3-BF4B-00C04F79EFBC}") = "Iban.API.Tests", "Iban.API.Tests\Iban.API.Tests.csproj", "{AF5AB2B1-4236-43EE-A55D-40EA0375A17D}"
EndProject
Global
	GlobalSection(SolutionConfigurationPlatforms) = preSolution
		Debug|Any CPU = Debug|Any CPU
		Release|Any CPU = Release|Any CPU
	EndGlobalSection
	GlobalSection(ProjectConfigurationPlatforms) = postSolution
		{D108D470-6DE3-429F-9F19-48F4F2F14F49}.Debug|Any CPU.ActiveCfg = Debug|Any CPU
		{D108D470-6DE3-429F-9F19-48F4F2F14F49}.Debug|Any CPU.Build.0 = Debug|Any CPU
		{D108D470-6DE3-429F-9F19-48F4F2F14F49}.Release|Any CPU.ActiveCfg = Release|Any CPU
		{D108D470-6DE3-429F-9F19-48F4F2F14F49}.Release|Any CPU.Build.0 = Release|Any CPU
		{80F52C63-2C59-4CF5-A511-B7B0B3A2C110}.Debug|Any CPU.ActiveCfg = Debug|Any CPU
		{80F52C63-2C59-4CF5-A511-B7B0B3A2C110}.Debug|Any CPU.Build.0 = Debug|Any CPU
		{80F52C63-2C59-4CF5-A511-B7B0B3A2C110}.Release|Any CPU.ActiveCfg = Release|Any CPU
		{80F52C63-2C59-4CF5-A511-B7B0B3A2C110}.Release|Any CPU.Build.0 = Release|Any CPU
		{5038CA26-AFD3-48E6-A6F3-61EE8EE0E661}.Debug|Any CPU.ActiveCfg = Debug|Any CPU
		{5038CA26-AFD3-48E6-A6F3-61EE8EE0E661}.Debug|Any CPU.Build.0 = Debug|Any CPU
		{5038CA26-AFD3-48E6-A6F3-61EE8EE0E661}.Release|Any CPU.ActiveCfg = Release|Any CPU
		{5038CA26-AFD3-48E6-A6F3-61EE8EE0E661}.Release|Any CPU.Build.0 = Release|Any CPU
		{9E518099-8D68-4552-BEF5-232EABFF532C}.Debug|Any CPU.ActiveCfg = Debug|Any CPU
		{9E518099-8D68-4552-BEF5-232EABFF532C}.Debug|Any CPU.Build.0 = Debug|Any CPU
		{9E518099-8D68-4552-BEF5-232EABFF532C}.Release|Any CPU.ActiveCfg = Release|Any CPU
		{9E518099-8D68-4552-BEF5-232EABFF532C}.Release|Any CPU.Build.0 = Release|Any CPU
		{229652D0-FAFD-4FEF-9E8A-C0164AF30C59}.Debug|Any CPU.ActiveCfg = Debug|Any CPU
		{229652D0-FAFD-4FEF-9E8A-C0164AF30C59}.Debug|Any CPU.Build.0 = Debug|Any CPU
		{229652D0-FAFD-4FEF-9E8A-C0164AF30C59}.Release|Any CPU.ActiveCfg = Release|Any CPU
		{229652D0-FAFD-4FEF-9E8A-C0164AF30C59}.Release|Any CPU.Build.0 = Release|Any CPU
		{4A1BC794-4A06-4557-96E6-21A98A555705}.Debug|Any CPU.ActiveCfg = Debug|Any CPU
		{4A1BC794-4A06-4557-96E6-21A98A555705}.Debug|Any CPU.Build.0 = Debug|Any CPU
		{4A1BC794-4A06-4557-96E6-21A98A555705}.Release|Any CPU.ActiveCfg = Release|Any CPU
		{4A1BC794-4A06-4557-96E6-21A98A555705}.Release|Any CPU.Build.0 = Release|Any CPU
		{0A4D32DC-063F-4655-8F0B-65842597DCF2}.Debug|Any CPU.ActiveCfg = Debug|Any CPU
		{0A4D32DC-063F-4655-8F0B-65842597DCF2}.Debug|Any CPU.Build.0 = Debug|Any CPU
		{0A4D32DC-063F-4655-8F0B-65842597DCF2}.Release|Any CPU.ActiveCfg = Release|Any CPU
		{0A4D32DC-063F-4655-8F0B-65842597DCF2}.Release|Any CPU.Build.0 = Release|Any CPU
		{90ACEB76-4B4A-47B0-A3D8-EE3D30E0D059}.Debug|Any CPU.ActiveCfg = Debug|Any CPU
		{90ACEB76-4B4A-47B0-A3D8-EE3D30E0D059}.Debug|Any CPU.Build.0 = Debug|Any CPU
		{90ACEB76-4B4A-47B0-A3D8-EE3D30E0D059}.Release|Any CPU.ActiveCfg = Release|Any CPU
		{90ACEB76-4B4A-47B0-A3D8-EE3D30E0D059}.Release|Any CPU.Build.0 = Release|Any CPU
		{CDA8480A-4D45-4C51-8C21-D5FB3F641DF8}.Debug|Any CPU.ActiveCfg = Debug|Any CPU
		{CDA8480A-4D45-4C51-8C21-D5FB3F641DF8}.Debug|Any CPU.Build.0 = Debug|Any CPU
		{CDA8480A-4D45-4C51-8C21-D5FB3F641DF8}.Release|Any CPU.ActiveCfg = Release|Any CPU
		{CDA8480A-4D45-4C51-8C21-D5FB3F641DF8}.Release|Any CPU.Build.0 = Release|Any CPU
		{AF5AB2B1-4236-43EE-A55D-40EA0375A17D}.Debug|Any CPU.ActiveCfg = Debug|Any CPU
		{AF5AB2B1-4236-43EE-A55D-40EA0375A17D}.Debug|Any CPU.Build.0 = Debug|Any CPU
		{AF5AB2B1-4236-43EE-A55D-40EA0375A17D}.Release|Any CPU.ActiveCfg = Release|Any CPU
		{AF5AB2B1-4236-43EE-A55D-40EA0375A17D}.Release|Any CPU.Build.0 = Release|Any CPU
	EndGlobalSection
	GlobalSection(SolutionProperties) = preSolution
		HideSolutionNode = FALSE
	EndGlobalSection
	GlobalSection(NestedProjects) = preSolution
		{5038CA26-AFD3-48E6-A6F3-61EE8EE0E661} = {90A7D7C7-0A78-432D-A155-F48BC1BB293C}
		{9E518099-8D68-4552-BEF5-232EABFF532C} = {90A7D7C7-0A78-432D-A155-F48BC1BB293C}
		{4A1BC794-4A06-4557-96E6-21A98A555705} = {90A7D7C7-0A78-432D-A155-F48BC1BB293C}
		{0A4D32DC-063F-4655-8F0B-65842597DCF2} = {90A7D7C7-0A78-432D-A155-F48BC1BB293C}
		{90ACEB76-4B4A-47B0-A3D8-EE3D30E0D059} = {90A7D7C7-0A78-432D-A155-F48BC1BB293C}
	EndGlobalSection
	GlobalSection(ExtensibilityGlobals) = postSolution
		SolutionGuid = {46491BCD-B5AF-4172-9131-58CB286E3511}
	EndGlobalSection
EndGlobal
