
Microsoft Visual Studio Solution File, Format Version 12.00
# Visual Studio Version 17
VisualStudioVersion = 17.3.32901.215
MinimumVisualStudioVersion = 10.0.40219.1
Project("{9A19103F-16F7-4668-BE54-9A1E7A4F7556}") = "IbanChecker", "IbanChecker\IbanChecker.csproj", "{DCEE029B-0D10-4AB1-B508-80BB6C004149}"
EndProject
Project("{9A19103F-16F7-4668-BE54-9A1E7A4F7556}") = "IbanChecker.Tests", "IbanChecker.Tests\IbanChecker.Tests.csproj", "{7910EA08-CB89-4B82-90DC-1752221CF326}"
EndProject
Project("{9A19103F-16F7-4668-BE54-9A1E7A4F7556}") = "IbanChecker.BankCodes.InMemory", "IbanChecker.BankCodes.InMemory\IbanChecker.BankCodes.InMemory.csproj", "{F3A8E744-9CF8-42A3-9BCE-FAF8CE05582A}"
EndProject
Project("{9A19103F-16F7-4668-BE54-9A1E7A4F7556}") = "IbanChecker.BankCodes.InMemory.Tests", "IbanChecker.BankCodes.InMemory.Tests\IbanChecker.BankCodes.InMemory.Tests.csproj", "{0DCEEDEE-3CA0-4EEB-93E9-FCBC04A66FC1}"
EndProject
Project("{9A19103F-16F7-4668-BE54-9A1E7A4F7556}") = "IbanChecker.BankCodes.EF", "IbanChecker.BankCodes.EF\IbanChecker.BankCodes.EF.csproj", "{5349D68F-4DE4-49BB-A9D1-CF1A93B8458D}"
EndProject
Project("{9A19103F-16F7-4668-BE54-9A1E7A4F7556}") = "IbanChecker.BankCodes.EF.IntegrationTests", "IbanChecker.BankCodes.EF.IntegrationTests\IbanChecker.BankCodes.EF.IntegrationTests.csproj", "{0E7D8FF3-A689-48FD-9462-20D7A267DE36}"
EndProject
Project("{9A19103F-16F7-4668-BE54-9A1E7A4F7556}") = "IbanChecker.BankCodes.EF.Tests", "IbanChecker.BankCodes.EF.Tests\IbanChecker.BankCodes.EF.Tests.csproj", "{FA843B31-0603-4FD8-9A08-FBB6A17FF3F0}"
EndProject
Project("{2150E333-8FDC-42A3-9474-1A3956D46DE8}") = "BankCodes", "BankCodes", "{10CAB35A-F7A4-4984-A5F0-DF926B2E8F14}"
EndProject
Project("{FAE04EC0-301F-11D3-BF4B-00C04F79EFBC}") = "IbanChecker.Api", "IbanChecker.Api\IbanChecker.Api.csproj", "{EDB8A5A3-1290-4C6C-B96F-9BC1DB6584B0}"
EndProject
Project("{FAE04EC0-301F-11D3-BF4B-00C04F79EFBC}") = "IbanChecker.Api.IntegrationTests", "IbanChecker.Api.IntegrationTests\IbanChecker.Api.IntegrationTests.csproj", "{8609DF25-F809-439E-A714-DDE0711320B4}"
EndProject
Project("{2150E333-8FDC-42A3-9474-1A3956D46DE8}") = "Api", "Api", "{5D86EBE8-E5E5-4C8A-A411-3EC0C36DDAF5}"
EndProject
Project("{2150E333-8FDC-42A3-9474-1A3956D46DE8}") = "EF", "EF", "{35D7976B-0E62-4A87-80B8-4A42086D6CBF}"
EndProject
Project("{2150E333-8FDC-42A3-9474-1A3956D46DE8}") = "InMemory", "InMemory", "{FE71BF81-0985-48E4-9BCD-9B0623025999}"
EndProject
Global
	GlobalSection(SolutionConfigurationPlatforms) = preSolution
		Debug|Any CPU = Debug|Any CPU
		Release|Any CPU = Release|Any CPU
	EndGlobalSection
	GlobalSection(ProjectConfigurationPlatforms) = postSolution
		{DCEE029B-0D10-4AB1-B508-80BB6C004149}.Debug|Any CPU.ActiveCfg = Debug|Any CPU
		{DCEE029B-0D10-4AB1-B508-80BB6C004149}.Debug|Any CPU.Build.0 = Debug|Any CPU
		{DCEE029B-0D10-4AB1-B508-80BB6C004149}.Release|Any CPU.ActiveCfg = Release|Any CPU
		{DCEE029B-0D10-4AB1-B508-80BB6C004149}.Release|Any CPU.Build.0 = Release|Any CPU
		{7910EA08-CB89-4B82-90DC-1752221CF326}.Debug|Any CPU.ActiveCfg = Debug|Any CPU
		{7910EA08-CB89-4B82-90DC-1752221CF326}.Debug|Any CPU.Build.0 = Debug|Any CPU
		{7910EA08-CB89-4B82-90DC-1752221CF326}.Release|Any CPU.ActiveCfg = Release|Any CPU
		{7910EA08-CB89-4B82-90DC-1752221CF326}.Release|Any CPU.Build.0 = Release|Any CPU
		{F3A8E744-9CF8-42A3-9BCE-FAF8CE05582A}.Debug|Any CPU.ActiveCfg = Debug|Any CPU
		{F3A8E744-9CF8-42A3-9BCE-FAF8CE05582A}.Debug|Any CPU.Build.0 = Debug|Any CPU
		{F3A8E744-9CF8-42A3-9BCE-FAF8CE05582A}.Release|Any CPU.ActiveCfg = Release|Any CPU
		{F3A8E744-9CF8-42A3-9BCE-FAF8CE05582A}.Release|Any CPU.Build.0 = Release|Any CPU
		{0DCEEDEE-3CA0-4EEB-93E9-FCBC04A66FC1}.Debug|Any CPU.ActiveCfg = Debug|Any CPU
		{0DCEEDEE-3CA0-4EEB-93E9-FCBC04A66FC1}.Debug|Any CPU.Build.0 = Debug|Any CPU
		{0DCEEDEE-3CA0-4EEB-93E9-FCBC04A66FC1}.Release|Any CPU.ActiveCfg = Release|Any CPU
		{0DCEEDEE-3CA0-4EEB-93E9-FCBC04A66FC1}.Release|Any CPU.Build.0 = Release|Any CPU
		{5349D68F-4DE4-49BB-A9D1-CF1A93B8458D}.Debug|Any CPU.ActiveCfg = Debug|Any CPU
		{5349D68F-4DE4-49BB-A9D1-CF1A93B8458D}.Debug|Any CPU.Build.0 = Debug|Any CPU
		{5349D68F-4DE4-49BB-A9D1-CF1A93B8458D}.Release|Any CPU.ActiveCfg = Release|Any CPU
		{5349D68F-4DE4-49BB-A9D1-CF1A93B8458D}.Release|Any CPU.Build.0 = Release|Any CPU
		{0E7D8FF3-A689-48FD-9462-20D7A267DE36}.Debug|Any CPU.ActiveCfg = Debug|Any CPU
		{0E7D8FF3-A689-48FD-9462-20D7A267DE36}.Debug|Any CPU.Build.0 = Debug|Any CPU
		{0E7D8FF3-A689-48FD-9462-20D7A267DE36}.Release|Any CPU.ActiveCfg = Release|Any CPU
		{0E7D8FF3-A689-48FD-9462-20D7A267DE36}.Release|Any CPU.Build.0 = Release|Any CPU
		{FA843B31-0603-4FD8-9A08-FBB6A17FF3F0}.Debug|Any CPU.ActiveCfg = Debug|Any CPU
		{FA843B31-0603-4FD8-9A08-FBB6A17FF3F0}.Debug|Any CPU.Build.0 = Debug|Any CPU
		{FA843B31-0603-4FD8-9A08-FBB6A17FF3F0}.Release|Any CPU.ActiveCfg = Release|Any CPU
		{FA843B31-0603-4FD8-9A08-FBB6A17FF3F0}.Release|Any CPU.Build.0 = Release|Any CPU
		{EDB8A5A3-1290-4C6C-B96F-9BC1DB6584B0}.Debug|Any CPU.ActiveCfg = Debug|Any CPU
		{EDB8A5A3-1290-4C6C-B96F-9BC1DB6584B0}.Debug|Any CPU.Build.0 = Debug|Any CPU
		{EDB8A5A3-1290-4C6C-B96F-9BC1DB6584B0}.Release|Any CPU.ActiveCfg = Release|Any CPU
		{EDB8A5A3-1290-4C6C-B96F-9BC1DB6584B0}.Release|Any CPU.Build.0 = Release|Any CPU
		{8609DF25-F809-439E-A714-DDE0711320B4}.Debug|Any CPU.ActiveCfg = Debug|Any CPU
		{8609DF25-F809-439E-A714-DDE0711320B4}.Debug|Any CPU.Build.0 = Debug|Any CPU
		{8609DF25-F809-439E-A714-DDE0711320B4}.Release|Any CPU.ActiveCfg = Release|Any CPU
		{8609DF25-F809-439E-A714-DDE0711320B4}.Release|Any CPU.Build.0 = Release|Any CPU
	EndGlobalSection
	GlobalSection(SolutionProperties) = preSolution
		HideSolutionNode = FALSE
	EndGlobalSection
	GlobalSection(NestedProjects) = preSolution
		{EDB8A5A3-1290-4C6C-B96F-9BC1DB6584B0} = {5D86EBE8-E5E5-4C8A-A411-3EC0C36DDAF5}
		{8609DF25-F809-439E-A714-DDE0711320B4} = {5D86EBE8-E5E5-4C8A-A411-3EC0C36DDAF5}
		{35D7976B-0E62-4A87-80B8-4A42086D6CBF} = {10CAB35A-F7A4-4984-A5F0-DF926B2E8F14}
		{5349D68F-4DE4-49BB-A9D1-CF1A93B8458D} = {35D7976B-0E62-4A87-80B8-4A42086D6CBF}
		{0E7D8FF3-A689-48FD-9462-20D7A267DE36} = {35D7976B-0E62-4A87-80B8-4A42086D6CBF}
		{FE71BF81-0985-48E4-9BCD-9B0623025999} = {10CAB35A-F7A4-4984-A5F0-DF926B2E8F14}
		{FA843B31-0603-4FD8-9A08-FBB6A17FF3F0} = {35D7976B-0E62-4A87-80B8-4A42086D6CBF}
		{F3A8E744-9CF8-42A3-9BCE-FAF8CE05582A} = {FE71BF81-0985-48E4-9BCD-9B0623025999}
		{0DCEEDEE-3CA0-4EEB-93E9-FCBC04A66FC1} = {FE71BF81-0985-48E4-9BCD-9B0623025999}
	EndGlobalSection
	GlobalSection(ExtensibilityGlobals) = postSolution
		SolutionGuid = {3C840B30-2358-44BC-A8F8-1543B44CE412}
	EndGlobalSection
EndGlobal
